// !$*UTF8*$!
{
	archiveVersion = 1;
	classes = {
	};
	objectVersion = 77;
	objects = {

/* Begin PBXBuildFile section */
		9267B1A02E04E88B00853883 /* DataModel.xcdatamodeld in Sources */ = {isa = PBXBuildFile; fileRef = 9267B19E2E04E88B00853883 /* DataModel.xcdatamodeld */; };
/* End PBXBuildFile section */

/* Begin PBXContainerItemProxy section */
		9267B1822E04E4F400853883 /* PBXContainerItemProxy */ = {
			isa = PBXContainerItemProxy;
			containerPortal = 9267B16C2E04E4F200853883 /* Project object */;
			proxyType = 1;
			remoteGlobalIDString = 9267B1732E04E4F300853883;
			remoteInfo = "Test DB";
		};
		9267B18C2E04E4F400853883 /* PBXContainerItemProxy */ = {
			isa = PBXContainerItemProxy;
			containerPortal = 9267B16C2E04E4F200853883 /* Project object */;
			proxyType = 1;
			remoteGlobalIDString = 9267B1732E04E4F300853883;
			remoteInfo = "Test DB";
		};
/* End PBXContainerItemProxy section */

/* Begin PBXFileReference section */
		9267B1742E04E4F300853883 /* Test DB.app */ = {isa = PBXFileReference; explicitFileType = wrapper.application; includeInIndex = 0; path = "Test DB.app"; sourceTree = BUILT_PRODUCTS_DIR; };
		9267B1812E04E4F400853883 /* Test DBTests.xctest */ = {isa = PBXFileReference; explicitFileType = wrapper.cfbundle; includeInIndex = 0; path = "Test DBTests.xctest"; sourceTree = BUILT_PRODUCTS_DIR; };
		9267B18B2E04E4F400853883 /* Test DBUITests.xctest */ = {isa = PBXFileReference; explicitFileType = wrapper.cfbundle; includeInIndex = 0; path = "Test DBUITests.xctest"; sourceTree = BUILT_PRODUCTS_DIR; };
		9267B19F2E04E88B00853883 /* DataModel.xcdatamodel */ = {isa = PBXFileReference; lastKnownFileType = wrapper.xcdatamodel; path = DataModel.xcdatamodel; sourceTree = "<group>"; };
/* End PBXFileReference section */

/* Begin PBXFileSystemSynchronizedRootGroup section */
		9267B1762E04E4F300853883 /* Test DB */ = {
			isa = PBXFileSystemSynchronizedRootGroup;
			path = "Test DB";
			sourceTree = "<group>";
		};
		9267B1842E04E4F400853883 /* Test DBTests */ = {
			isa = PBXFileSystemSynchronizedRootGroup;
			path = "Test DBTests";
			sourceTree = "<group>";
		};
		9267B18E2E04E4F400853883 /* Test DBUITests */ = {
			isa = PBXFileSystemSynchronizedRootGroup;
			path = "Test DBUITests";
			sourceTree = "<group>";
		};
/* End PBXFileSystemSynchronizedRootGroup section */

/* Begin PBXFrameworksBuildPhase section */
		9267B1712E04E4F300853883 /* Frameworks */ = {
			isa = PBXFrameworksBuildPhase;
			buildActionMask = 2147483647;
			files = (
			);
			runOnlyForDeploymentPostprocessing = 0;
		};
		9267B17E2E04E4F400853883 /* Frameworks */ = {
			isa = PBXFrameworksBuildPhase;
			buildActionMask = 2147483647;
			files = (
			);
			runOnlyForDeploymentPostprocessing = 0;
		};
		9267B1882E04E4F400853883 /* Frameworks */ = {
			isa = PBXFrameworksBuildPhase;
			buildActionMask = 2147483647;
			files = (
			);
			runOnlyForDeploymentPostprocessing = 0;
		};
/* End PBXFrameworksBuildPhase section */

/* Begin PBXGroup section */
		9267B16B2E04E4F200853883 = {
			isa = PBXGroup;
			children = (
				9267B19E2E04E88B00853883 /* DataModel.xcdatamodeld */,
				9267B1762E04E4F300853883 /* Test DB */,
				9267B1842E04E4F400853883 /* Test DBTests */,
				9267B18E2E04E4F400853883 /* Test DBUITests */,
				9267B1752E04E4F300853883 /* Products */,
			);
			sourceTree = "<group>";
		};
		9267B1752E04E4F300853883 /* Products */ = {
			isa = PBXGroup;
			children = (
				9267B1742E04E4F300853883 /* Test DB.app */,
				9267B1812E04E4F400853883 /* Test DBTests.xctest */,
				9267B18B2E04E4F400853883 /* Test DBUITests.xctest */,
			);
			name = Products;
			sourceTree = "<group>";
		};
/* End PBXGroup section */

/* Begin PBXNativeTarget section */
		9267B1732E04E4F300853883 /* Test DB */ = {
			isa = PBXNativeTarget;
			buildConfigurationList = 9267B1952E04E4F400853883 /* Build configuration list for PBXNativeTarget "Test DB" */;
			buildPhases = (
				9267B1702E04E4F300853883 /* Sources */,
				9267B1712E04E4F300853883 /* Frameworks */,
				9267B1722E04E4F300853883 /* Resources */,
			);
			buildRules = (
			);
			dependencies = (
			);
			fileSystemSynchronizedGroups = (
				9267B1762E04E4F300853883 /* Test DB */,
			);
			name = "Test DB";
			packageProductDependencies = (
			);
			productName = "Test DB";
			productReference = 9267B1742E04E4F300853883 /* Test DB.app */;
			productType = "com.apple.product-type.application";
		};
		9267B1802E04E4F400853883 /* Test DBTests */ = {
			isa = PBXNativeTarget;
			buildConfigurationList = 9267B1982E04E4F400853883 /* Build configuration list for PBXNativeTarget "Test DBTests" */;
			buildPhases = (
				9267B17D2E04E4F400853883 /* Sources */,
				9267B17E2E04E4F400853883 /* Frameworks */,
				9267B17F2E04E4F400853883 /* Resources */,
			);
			buildRules = (
			);
			dependencies = (
				9267B1832E04E4F400853883 /* PBXTargetDependency */,
			);
			fileSystemSynchronizedGroups = (
				9267B1842E04E4F400853883 /* Test DBTests */,
			);
			name = "Test DBTests";
			packageProductDependencies = (
			);
			productName = "Test DBTests";
			productReference = 9267B1812E04E4F400853883 /* Test DBTests.xctest */;
			productType = "com.apple.product-type.bundle.unit-test";
		};
		9267B18A2E04E4F400853883 /* Test DBUITests */ = {
			isa = PBXNativeTarget;
			buildConfigurationList = 9267B19B2E04E4F400853883 /* Build configuration list for PBXNativeTarget "Test DBUITests" */;
			buildPhases = (
				9267B1872E04E4F400853883 /* Sources */,
				9267B1882E04E4F400853883 /* Frameworks */,
				9267B1892E04E4F400853883 /* Resources */,
			);
			buildRules = (
			);
			dependencies = (
				9267B18D2E04E4F400853883 /* PBXTargetDependency */,
			);
			fileSystemSynchronizedGroups = (
				9267B18E2E04E4F400853883 /* Test DBUITests */,
			);
			name = "Test DBUITests";
			packageProductDependencies = (
			);
			productName = "Test DBUITests";
			productReference = 9267B18B2E04E4F400853883 /* Test DBUITests.xctest */;
			productType = "com.apple.product-type.bundle.ui-testing";
		};
/* End PBXNativeTarget section */

/* Begin PBXProject section */
		9267B16C2E04E4F200853883 /* Project object */ = {
			isa = PBXProject;
			attributes = {
				BuildIndependentTargetsInParallel = 1;
				LastSwiftUpdateCheck = 1640;
				LastUpgradeCheck = 1640;
				TargetAttributes = {
					9267B1732E04E4F300853883 = {
						CreatedOnToolsVersion = 16.4;
					};
					9267B1802E04E4F400853883 = {
						CreatedOnToolsVersion = 16.4;
						TestTargetID = 9267B1732E04E4F300853883;
					};
					9267B18A2E04E4F400853883 = {
						CreatedOnToolsVersion = 16.4;
						TestTargetID = 9267B1732E04E4F300853883;
					};
				};
			};
			buildConfigurationList = 9267B16F2E04E4F200853883 /* Build configuration list for PBXProject "Test DB" */;
			developmentRegion = en;
			hasScannedForEncodings = 0;
			knownRegions = (
				en,
				Base,
			);
			mainGroup = 9267B16B2E04E4F200853883;
			minimizedProjectReferenceProxies = 1;
			preferredProjectObjectVersion = 77;
			productRefGroup = 9267B1752E04E4F300853883 /* Products */;
			projectDirPath = "";
			projectRoot = "";
			targets = (
				9267B1732E04E4F300853883 /* Test DB */,
				9267B1802E04E4F400853883 /* Test DBTests */,
				9267B18A2E04E4F400853883 /* Test DBUITests */,
			);
		};
/* End PBXProject section */

/* Begin PBXResourcesBuildPhase section */
		9267B1722E04E4F300853883 /* Resources */ = {
			isa = PBXResourcesBuildPhase;
			buildActionMask = 2147483647;
			files = (
			);
			runOnlyForDeploymentPostprocessing = 0;
		};
		9267B17F2E04E4F400853883 /* Resources */ = {
			isa = PBXResourcesBuildPhase;
			buildActionMask = 2147483647;
			files = (
			);
			runOnlyForDeploymentPostprocessing = 0;
		};
		9267B1892E04E4F400853883 /* Resources */ = {
			isa = PBXResourcesBuildPhase;
			buildActionMask = 2147483647;
			files = (
			);
			runOnlyForDeploymentPostprocessing = 0;
		};
/* End PBXResourcesBuildPhase section */

/* Begin PBXSourcesBuildPhase section */
		9267B1702E04E4F300853883 /* Sources */ = {
			isa = PBXSourcesBuildPhase;
			buildActionMask = 2147483647;
			files = (
				9267B1A02E04E88B00853883 /* DataModel.xcdatamodeld in Sources */,
			);
			runOnlyForDeploymentPostprocessing = 0;
		};
		9267B17D2E04E4F400853883 /* Sources */ = {
			isa = PBXSourcesBuildPhase;
			buildActionMask = 2147483647;
			files = (
			);
			runOnlyForDeploymentPostprocessing = 0;
		};
		9267B1872E04E4F400853883 /* Sources */ = {
			isa = PBXSourcesBuildPhase;
			buildActionMask = 2147483647;
			files = (
			);
			runOnlyForDeploymentPostprocessing = 0;
		};
/* End PBXSourcesBuildPhase section */

/* Begin PBXTargetDependency section */
		9267B1832E04E4F400853883 /* PBXTargetDependency */ = {
			isa = PBXTargetDependency;
			target = 9267B1732E04E4F300853883 /* Test DB */;
			targetProxy = 9267B1822E04E4F400853883 /* PBXContainerItemProxy */;
		};
		9267B18D2E04E4F400853883 /* PBXTargetDependency */ = {
			isa = PBXTargetDependency;
			target = 9267B1732E04E4F300853883 /* Test DB */;
			targetProxy = 9267B18C2E04E4F400853883 /* PBXContainerItemProxy */;
		};
/* End PBXTargetDependency section */

/* Begin XCBuildConfiguration section */
		9267B1932E04E4F400853883 /* Debug */ = {
			isa = XCBuildConfiguration;
			buildSettings = {
				ALWAYS_SEARCH_USER_PATHS = NO;
				ASSETCATALOG_COMPILER_GENERATE_SWIFT_ASSET_SYMBOL_EXTENSIONS = YES;
				CLANG_ANALYZER_NONNULL = YES;
				CLANG_ANALYZER_NUMBER_OBJECT_CONVERSION = YES_AGGRESSIVE;
				CLANG_CXX_LANGUAGE_STANDARD = "gnu++20";
				CLANG_ENABLE_MODULES = YES;
				CLANG_ENABLE_OBJC_ARC = YES;
				CLANG_ENABLE_OBJC_WEAK = YES;
				CLANG_WARN_BLOCK_CAPTURE_AUTORELEASING = YES;
				CLANG_WARN_BOOL_CONVERSION = YES;
				CLANG_WARN_COMMA = YES;
				CLANG_WARN_CONSTANT_CONVERSION = YES;
				CLANG_WARN_DEPRECATED_OBJC_IMPLEMENTATIONS = YES;
				CLANG_WARN_DIRECT_OBJC_ISA_USAGE = YES_ERROR;
				CLANG_WARN_DOCUMENTATION_COMMENTS = YES;
				CLANG_WARN_EMPTY_BODY = YES;
				CLANG_WARN_ENUM_CONVERSION = YES;
				CLANG_WARN_INFINITE_RECURSION = YES;
				CLANG_WARN_INT_CONVERSION = YES;
				CLANG_WARN_NON_LITERAL_NULL_CONVERSION = YES;
				CLANG_WARN_OBJC_IMPLICIT_RETAIN_SELF = YES;
				CLANG_WARN_OBJC_LITERAL_CONVERSION = YES;
				CLANG_WARN_OBJC_ROOT_CLASS = YES_ERROR;
				CLANG_WARN_QUOTED_INCLUDE_IN_FRAMEWORK_HEADER = YES;
				CLANG_WARN_RANGE_LOOP_ANALYSIS = YES;
				CLANG_WARN_STRICT_PROTOTYPES = YES;
				CLANG_WARN_SUSPICIOUS_MOVE = YES;
				CLANG_WARN_UNGUARDED_AVAILABILITY = YES_AGGRESSIVE;
				CLANG_WARN_UNREACHABLE_CODE = YES;
				CLANG_WARN__DUPLICATE_METHOD_MATCH = YES;
				COPY_PHASE_STRIP = NO;
				DEBUG_INFORMATION_FORMAT = dwarf;
				DEVELOPMENT_TEAM = X548HRS5MM;
				ENABLE_STRICT_OBJC_MSGSEND = YES;
				ENABLE_TESTABILITY = YES;
				ENABLE_USER_SCRIPT_SANDBOXING = YES;
				GCC_C_LANGUAGE_STANDARD = gnu17;
				GCC_DYNAMIC_NO_PIC = NO;
				GCC_NO_COMMON_BLOCKS = YES;
				GCC_OPTIMIZATION_LEVEL = 0;
				GCC_PREPROCESSOR_DEFINITIONS = (
					"DEBUG=1",
					"$(inherited)",
				);
				GCC_WARN_64_TO_32_BIT_CONVERSION = YES;
				GCC_WARN_ABOUT_RETURN_TYPE = YES_ERROR;
				GCC_WARN_UNDECLARED_SELECTOR = YES;
				GCC_WARN_UNINITIALIZED_AUTOS = YES_AGGRESSIVE;
				GCC_WARN_UNUSED_FUNCTION = YES;
				GCC_WARN_UNUSED_VARIABLE = YES;
				IPHONEOS_DEPLOYMENT_TARGET = 18.5;
				LOCALIZATION_PREFERS_STRING_CATALOGS = YES;
				MTL_ENABLE_DEBUG_INFO = INCLUDE_SOURCE;
				MTL_FAST_MATH = YES;
				ONLY_ACTIVE_ARCH = YES;
				SDKROOT = iphoneos;
				SWIFT_ACTIVE_COMPILATION_CONDITIONS = "DEBUG $(inherited)";
				SWIFT_OPTIMIZATION_LEVEL = "-Onone";
			};
			name = Debug;
		};
		9267B1942E04E4F400853883 /* Release */ = {
			isa = XCBuildConfiguration;
			buildSettings = {
				ALWAYS_SEARCH_USER_PATHS = NO;
				ASSETCATALOG_COMPILER_GENERATE_SWIFT_ASSET_SYMBOL_EXTENSIONS = YES;
				CLANG_ANALYZER_NONNULL = YES;
				CLANG_ANALYZER_NUMBER_OBJECT_CONVERSION = YES_AGGRESSIVE;
				CLANG_CXX_LANGUAGE_STANDARD = "gnu++20";
				CLANG_ENABLE_MODULES = YES;
				CLANG_ENABLE_OBJC_ARC = YES;
				CLANG_ENABLE_OBJC_WEAK = YES;
				CLANG_WARN_BLOCK_CAPTURE_AUTORELEASING = YES;
				CLANG_WARN_BOOL_CONVERSION = YES;
				CLANG_WARN_COMMA = YES;
				CLANG_WARN_CONSTANT_CONVERSION = YES;
				CLANG_WARN_DEPRECATED_OBJC_IMPLEMENTATIONS = YES;
				CLANG_WARN_DIRECT_OBJC_ISA_USAGE = YES_ERROR;
				CLANG_WARN_DOCUMENTATION_COMMENTS = YES;
				CLANG_WARN_EMPTY_BODY = YES;
				CLANG_WARN_ENUM_CONVERSION = YES;
				CLANG_WARN_INFINITE_RECURSION = YES;
				CLANG_WARN_INT_CONVERSION = YES;
				CLANG_WARN_NON_LITERAL_NULL_CONVERSION = YES;
				CLANG_WARN_OBJC_IMPLICIT_RETAIN_SELF = YES;
				CLANG_WARN_OBJC_LITERAL_CONVERSION = YES;
				CLANG_WARN_OBJC_ROOT_CLASS = YES_ERROR;
				CLANG_WARN_QUOTED_INCLUDE_IN_FRAMEWORK_HEADER = YES;
				CLANG_WARN_RANGE_LOOP_ANALYSIS = YES;
				CLANG_WARN_STRICT_PROTOTYPES = YES;
				CLANG_WARN_SUSPICIOUS_MOVE = YES;
				CLANG_WARN_UNGUARDED_AVAILABILITY = YES_AGGRESSIVE;
				CLANG_WARN_UNREACHABLE_CODE = YES;
				CLANG_WARN__DUPLICATE_METHOD_MATCH = YES;
				COPY_PHASE_STRIP = NO;
				DEBUG_INFORMATION_FORMAT = "dwarf-with-dsym";
				DEVELOPMENT_TEAM = X548HRS5MM;
				ENABLE_NS_ASSERTIONS = NO;
				ENABLE_STRICT_OBJC_MSGSEND = YES;
				ENABLE_USER_SCRIPT_SANDBOXING = YES;
				GCC_C_LANGUAGE_STANDARD = gnu17;
				GCC_NO_COMMON_BLOCKS = YES;
				GCC_WARN_64_TO_32_BIT_CONVERSION = YES;
				GCC_WARN_ABOUT_RETURN_TYPE = YES_ERROR;
				GCC_WARN_UNDECLARED_SELECTOR = YES;
				GCC_WARN_UNINITIALIZED_AUTOS = YES_AGGRESSIVE;
				GCC_WARN_UNUSED_FUNCTION = YES;
				GCC_WARN_UNUSED_VARIABLE = YES;
				IPHONEOS_DEPLOYMENT_TARGET = 18.5;
				LOCALIZATION_PREFERS_STRING_CATALOGS = YES;
				MTL_ENABLE_DEBUG_INFO = NO;
				MTL_FAST_MATH = YES;
				SDKROOT = iphoneos;
				SWIFT_COMPILATION_MODE = wholemodule;
				VALIDATE_PRODUCT = YES;
			};
			name = Release;
		};
		9267B1962E04E4F400853883 /* Debug */ = {
			isa = XCBuildConfiguration;
			buildSettings = {
				ASSETCATALOG_COMPILER_APPICON_NAME = AppIcon;
				ASSETCATALOG_COMPILER_GLOBAL_ACCENT_COLOR_NAME = AccentColor;
				CODE_SIGN_STYLE = Automatic;
				CURRENT_PROJECT_VERSION = 1;
				DEVELOPMENT_TEAM = X548HRS5MM;
				ENABLE_PREVIEWS = YES;
				GENERATE_INFOPLIST_FILE = YES;
				INFOPLIST_KEY_NSCameraUsageDescription = "This app needs camera access to take photos for your items.";
				INFOPLIST_KEY_NSLocationWhenInUseUsageDescription = "This app needs location access to save GPS coordinates with your items.";
				INFOPLIST_KEY_UIApplicationSceneManifest_Generation = YES;
				INFOPLIST_KEY_UIApplicationSupportsIndirectInputEvents = YES;
				INFOPLIST_KEY_UILaunchScreen_Generation = YES;
				INFOPLIST_KEY_UISupportedInterfaceOrientations_iPad = "UIInterfaceOrientationPortrait UIInterfaceOrientationPortraitUpsideDown UIInterfaceOrientationLandscapeLeft UIInterfaceOrientationLandscapeRight";
				INFOPLIST_KEY_UISupportedInterfaceOrientations_iPhone = "UIInterfaceOrientationPortrait UIInterfaceOrientationLandscapeLeft UIInterfaceOrientationLandscapeRight";
				LD_RUNPATH_SEARCH_PATHS = (
					"$(inherited)",
					"@executable_path/Frameworks",
				);
				MARKETING_VERSION = 1.0;
				PRODUCT_BUNDLE_IDENTIFIER = "com.feies.Test-DB";
				PRODUCT_NAME = "$(TARGET_NAME)";
				SWIFT_EMIT_LOC_STRINGS = YES;
				SWIFT_VERSION = 5.0;
				TARGETED_DEVICE_FAMILY = "1,2";
			};
			name = Debug;
		};
		9267B1972E04E4F400853883 /* Release */ = {
			isa = XCBuildConfiguration;
			buildSettings = {
				ASSETCATALOG_COMPILER_APPICON_NAME = AppIcon;
				ASSETCATALOG_COMPILER_GLOBAL_ACCENT_COLOR_NAME = AccentColor;
				CODE_SIGN_STYLE = Automatic;
				CURRENT_PROJECT_VERSION = 1;
				DEVELOPMENT_TEAM = X548HRS5MM;
				ENABLE_PREVIEWS = YES;
				GENERATE_INFOPLIST_FILE = YES;
				INFOPLIST_KEY_NSCameraUsageDescription = "This app needs camera access to take photos for your items.";
				INFOPLIST_KEY_NSLocationWhenInUseUsageDescription = "This app needs location access to save GPS coordinates with your items.";
				INFOPLIST_KEY_UIApplicationSceneManifest_Generation = YES;
				INFOPLIST_KEY_UIApplicationSupportsIndirectInputEvents = YES;
				INFOPLIST_KEY_UILaunchScreen_Generation = YES;
				INFOPLIST_KEY_UISupportedInterfaceOrientations_iPad = "UIInterfaceOrientationPortrait UIInterfaceOrientationPortraitUpsideDown UIInterfaceOrientationLandscapeLeft UIInterfaceOrientationLandscapeRight";
				INFOPLIST_KEY_UISupportedInterfaceOrientations_iPhone = "UIInterfaceOrientationPortrait UIInterfaceOrientationLandscapeLeft UIInterfaceOrientationLandscapeRight";
				LD_RUNPATH_SEARCH_PATHS = (
					"$(inherited)",
					"@executable_path/Frameworks",
				);
				MARKETING_VERSION = 1.0;
				PRODUCT_BUNDLE_IDENTIFIER = "com.feies.Test-DB";
				PRODUCT_NAME = "$(TARGET_NAME)";
				SWIFT_EMIT_LOC_STRINGS = YES;
				SWIFT_VERSION = 5.0;
				TARGETED_DEVICE_FAMILY = "1,2";
			};
			name = Release;
		};
		9267B1992E04E4F400853883 /* Debug */ = {
			isa = XCBuildConfiguration;
			buildSettings = {
				BUNDLE_LOADER = "$(TEST_HOST)";
				CODE_SIGN_STYLE = Automatic;
				CURRENT_PROJECT_VERSION = 1;
				DEVELOPMENT_TEAM = X548HRS5MM;
				GENERATE_INFOPLIST_FILE = YES;
				IPHONEOS_DEPLOYMENT_TARGET = 18.5;
				MARKETING_VERSION = 1.0;
				PRODUCT_BUNDLE_IDENTIFIER = "com.feies.Test-DBTests";
				PRODUCT_NAME = "$(TARGET_NAME)";
				SWIFT_EMIT_LOC_STRINGS = NO;
				SWIFT_VERSION = 5.0;
				TARGETED_DEVICE_FAMILY = "1,2";
				TEST_HOST = "$(BUILT_PRODUCTS_DIR)/Test DB.app/$(BUNDLE_EXECUTABLE_FOLDER_PATH)/Test DB";
			};
			name = Debug;
		};
		9267B19A2E04E4F400853883 /* Release */ = {
			isa = XCBuildConfiguration;
			buildSettings = {
				BUNDLE_LOADER = "$(TEST_HOST)";
				CODE_SIGN_STYLE = Automatic;
				CURRENT_PROJECT_VERSION = 1;
				DEVELOPMENT_TEAM = X548HRS5MM;
				GENERATE_INFOPLIST_FILE = YES;
				IPHONEOS_DEPLOYMENT_TARGET = 18.5;
				MARKETING_VERSION = 1.0;
				PRODUCT_BUNDLE_IDENTIFIER = "com.feies.Test-DBTests";
				PRODUCT_NAME = "$(TARGET_NAME)";
				SWIFT_EMIT_LOC_STRINGS = NO;
				SWIFT_VERSION = 5.0;
				TARGETED_DEVICE_FAMILY = "1,2";
				TEST_HOST = "$(BUILT_PRODUCTS_DIR)/Test DB.app/$(BUNDLE_EXECUTABLE_FOLDER_PATH)/Test DB";
			};
			name = Release;
		};
		9267B19C2E04E4F400853883 /* Debug */ = {
			isa = XCBuildConfiguration;
			buildSettings = {
				CODE_SIGN_STYLE = Automatic;
				CURRENT_PROJECT_VERSION = 1;
				DEVELOPMENT_TEAM = X548HRS5MM;
				GENERATE_INFOPLIST_FILE = YES;
				MARKETING_VERSION = 1.0;
				PRODUCT_BUNDLE_IDENTIFIER = "com.feies.Test-DBUITests";
				PRODUCT_NAME = "$(TARGET_NAME)";
				SWIFT_EMIT_LOC_STRINGS = NO;
				SWIFT_VERSION = 5.0;
				TARGETED_DEVICE_FAMILY = "1,2";
				TEST_TARGET_NAME = "Test DB";
			};
			name = Debug;
		};
		9267B19D2E04E4F400853883 /* Release */ = {
			isa = XCBuildConfiguration;
			buildSettings = {
				CODE_SIGN_STYLE = Automatic;
				CURRENT_PROJECT_VERSION = 1;
				DEVELOPMENT_TEAM = X548HRS5MM;
				GENERATE_INFOPLIST_FILE = YES;
				MARKETING_VERSION = 1.0;
				PRODUCT_BUNDLE_IDENTIFIER = "com.feies.Test-DBUITests";
				PRODUCT_NAME = "$(TARGET_NAME)";
				SWIFT_EMIT_LOC_STRINGS = NO;
				SWIFT_VERSION = 5.0;
				TARGETED_DEVICE_FAMILY = "1,2";
				TEST_TARGET_NAME = "Test DB";
			};
			name = Release;
		};
/* End XCBuildConfiguration section */

/* Begin XCConfigurationList section */
		9267B16F2E04E4F200853883 /* Build configuration list for PBXProject "Test DB" */ = {
			isa = XCConfigurationList;
			buildConfigurations = (
				9267B1932E04E4F400853883 /* Debug */,
				9267B1942E04E4F400853883 /* Release */,
			);
			defaultConfigurationIsVisible = 0;
			defaultConfigurationName = Release;
		};
		9267B1952E04E4F400853883 /* Build configuration list for PBXNativeTarget "Test DB" */ = {
			isa = XCConfigurationList;
			buildConfigurations = (
				9267B1962E04E4F400853883 /* Debug */,
				9267B1972E04E4F400853883 /* Release */,
			);
			defaultConfigurationIsVisible = 0;
			defaultConfigurationName = Release;
		};
		9267B1982E04E4F400853883 /* Build configuration list for PBXNativeTarget "Test DBTests" */ = {
			isa = XCConfigurationList;
			buildConfigurations = (
				9267B1992E04E4F400853883 /* Debug */,
				9267B19A2E04E4F400853883 /* Release */,
			);
			defaultConfigurationIsVisible = 0;
			defaultConfigurationName = Release;
		};
		9267B19B2E04E4F400853883 /* Build configuration list for PBXNativeTarget "Test DBUITests" */ = {
			isa = XCConfigurationList;
			buildConfigurations = (
				9267B19C2E04E4F400853883 /* Debug */,
				9267B19D2E04E4F400853883 /* Release */,
			);
			defaultConfigurationIsVisible = 0;
			defaultConfigurationName = Release;
		};
/* End XCConfigurationList section */

/* Begin XCVersionGroup section */
		9267B19E2E04E88B00853883 /* DataModel.xcdatamodeld */ = {
			isa = XCVersionGroup;
			children = (
				9267B19F2E04E88B00853883 /* DataModel.xcdatamodel */,
			);
			currentVersion = 9267B19F2E04E88B00853883 /* DataModel.xcdatamodel */;
			path = DataModel.xcdatamodeld;
			sourceTree = "<group>";
			versionGroupType = wrapper.xcdatamodel;
		};
/* End XCVersionGroup section */
	};
	rootObject = 9267B16C2E04E4F200853883 /* Project object */;
}
